// !$*UTF8*$!
{
	archiveVersion = 1;
	classes = {
	};
	objectVersion = 46;
	objects = {

/* Begin PBXBuildFile section */
		DB4ACAF41C3ACFF40005EE09 /* AppDelegate.swift in Sources */ = {isa = PBXBuildFile; fileRef = DB4ACAF31C3ACFF40005EE09 /* AppDelegate.swift */; };
		DB4ACAF61C3ACFF40005EE09 /* ViewController.swift in Sources */ = {isa = PBXBuildFile; fileRef = DB4ACAF51C3ACFF40005EE09 /* ViewController.swift */; };
		DB4ACAF91C3ACFF40005EE09 /* Main.storyboard in Resources */ = {isa = PBXBuildFile; fileRef = DB4ACAF71C3ACFF40005EE09 /* Main.storyboard */; };
		DB4ACAFB1C3ACFF40005EE09 /* Assets.xcassets in Resources */ = {isa = PBXBuildFile; fileRef = DB4ACAFA1C3ACFF40005EE09 /* Assets.xcassets */; };
		DB4ACAFE1C3ACFF40005EE09 /* LaunchScreen.storyboard in Resources */ = {isa = PBXBuildFile; fileRef = DB4ACAFC1C3ACFF40005EE09 /* LaunchScreen.storyboard */; };
		DBB8E1181C3D8A84007A41A6 /* DelegateZipCode.swift in Sources */ = {isa = PBXBuildFile; fileRef = DBB8E1171C3D8A84007A41A6 /* DelegateZipCode.swift */; };
		DBB8E11C1C3D8B15007A41A6 /* DelegateLockableText.swift in Sources */ = {isa = PBXBuildFile; fileRef = DBB8E11B1C3D8B15007A41A6 /* DelegateLockableText.swift */; };
/* End PBXBuildFile section */

/* Begin PBXFileReference section */
		DB4ACAF01C3ACFF40005EE09 /* DelegateChallenge.app */ = {isa = PBXFileReference; explicitFileType = wrapper.application; includeInIndex = 0; path = DelegateChallenge.app; sourceTree = BUILT_PRODUCTS_DIR; };
		DB4ACAF31C3ACFF40005EE09 /* AppDelegate.swift */ = {isa = PBXFileReference; lastKnownFileType = sourcecode.swift; path = AppDelegate.swift; sourceTree = "<group>"; };
		DB4ACAF51C3ACFF40005EE09 /* ViewController.swift */ = {isa = PBXFileReference; lastKnownFileType = sourcecode.swift; path = ViewController.swift; sourceTree = "<group>"; };
		DB4ACAF81C3ACFF40005EE09 /* Base */ = {isa = PBXFileReference; lastKnownFileType = file.storyboard; name = Base; path = Base.lproj/Main.storyboard; sourceTree = "<group>"; };
		DB4ACAFA1C3ACFF40005EE09 /* Assets.xcassets */ = {isa = PBXFileReference; lastKnownFileType = folder.assetcatalog; path = Assets.xcassets; sourceTree = "<group>"; };
		DB4ACAFD1C3ACFF40005EE09 /* Base */ = {isa = PBXFileReference; lastKnownFileType = file.storyboard; name = Base; path = Base.lproj/LaunchScreen.storyboard; sourceTree = "<group>"; };
		DB4ACAFF1C3ACFF50005EE09 /* Info.plist */ = {isa = PBXFileReference; lastKnownFileType = text.plist.xml; path = Info.plist; sourceTree = "<group>"; };
		DBB8E1171C3D8A84007A41A6 /* DelegateZipCode.swift */ = {isa = PBXFileReference; fileEncoding = 4; lastKnownFileType = sourcecode.swift; path = DelegateZipCode.swift; sourceTree = "<group>"; };
		DBB8E11B1C3D8B15007A41A6 /* DelegateLockableText.swift */ = {isa = PBXFileReference; fileEncoding = 4; lastKnownFileType = sourcecode.swift; path = DelegateLockableText.swift; sourceTree = "<group>"; };
/* End PBXFileReference section */

/* Begin PBXFrameworksBuildPhase section */
		DB4ACAED1C3ACFF40005EE09 /* Frameworks */ = {
			isa = PBXFrameworksBuildPhase;
			buildActionMask = 2147483647;
			files = (
			);
			runOnlyForDeploymentPostprocessing = 0;
		};
/* End PBXFrameworksBuildPhase section */

/* Begin PBXGroup section */
		DB4ACAE71C3ACFF40005EE09 = {
			isa = PBXGroup;
			children = (
				DB4ACAF21C3ACFF40005EE09 /* DelegateChallenge */,
				DB4ACAF11C3ACFF40005EE09 /* Products */,
			);
			sourceTree = "<group>";
		};
		DB4ACAF11C3ACFF40005EE09 /* Products */ = {
			isa = PBXGroup;
			children = (
				DB4ACAF01C3ACFF40005EE09 /* DelegateChallenge.app */,
			);
			name = Products;
			sourceTree = "<group>";
		};
		DB4ACAF21C3ACFF40005EE09 /* DelegateChallenge */ = {
			isa = PBXGroup;
			children = (
				DBB8E1161C3D8A4F007A41A6 /* Delegates */,
				DB4ACAF31C3ACFF40005EE09 /* AppDelegate.swift */,
				DB4ACAF51C3ACFF40005EE09 /* ViewController.swift */,
				DB4ACAF71C3ACFF40005EE09 /* Main.storyboard */,
				DB4ACAFA1C3ACFF40005EE09 /* Assets.xcassets */,
				DB4ACAFC1C3ACFF40005EE09 /* LaunchScreen.storyboard */,
				DB4ACAFF1C3ACFF50005EE09 /* Info.plist */,
			);
			path = DelegateChallenge;
			sourceTree = "<group>";
		};
		DBB8E1161C3D8A4F007A41A6 /* Delegates */ = {
			isa = PBXGroup;
			children = (
				DBB8E1171C3D8A84007A41A6 /* DelegateZipCode.swift */,
				DBB8E11B1C3D8B15007A41A6 /* DelegateLockableText.swift */,
			);
			name = Delegates;
			sourceTree = "<group>";
		};
/* End PBXGroup section */

/* Begin PBXNativeTarget section */
		DB4ACAEF1C3ACFF40005EE09 /* DelegateChallenge */ = {
			isa = PBXNativeTarget;
			buildConfigurationList = DB4ACB021C3ACFF50005EE09 /* Build configuration list for PBXNativeTarget "DelegateChallenge" */;
			buildPhases = (
				DB4ACAEC1C3ACFF40005EE09 /* Sources */,
				DB4ACAED1C3ACFF40005EE09 /* Frameworks */,
				DB4ACAEE1C3ACFF40005EE09 /* Resources */,
			);
			buildRules = (
			);
			dependencies = (
			);
			name = DelegateChallenge;
			productName = DelegateChallenge;
			productReference = DB4ACAF01C3ACFF40005EE09 /* DelegateChallenge.app */;
			productType = "com.apple.product-type.application";
		};
/* End PBXNativeTarget section */

/* Begin PBXProject section */
		DB4ACAE81C3ACFF40005EE09 /* Project object */ = {
			isa = PBXProject;
			attributes = {
				LastSwiftUpdateCheck = 0720;
				LastUpgradeCheck = 0720;
				ORGANIZATIONNAME = "Pastouret Roger";
				TargetAttributes = {
					DB4ACAEF1C3ACFF40005EE09 = {
						CreatedOnToolsVersion = 7.2;
					};
				};
			};
			buildConfigurationList = DB4ACAEB1C3ACFF40005EE09 /* Build configuration list for PBXProject "DelegateChallenge" */;
			compatibilityVersion = "Xcode 3.2";
			developmentRegion = English;
			hasScannedForEncodings = 0;
			knownRegions = (
				en,
				Base,
			);
			mainGroup = DB4ACAE71C3ACFF40005EE09;
			productRefGroup = DB4ACAF11C3ACFF40005EE09 /* Products */;
			projectDirPath = "";
			projectRoot = "";
			targets = (
				DB4ACAEF1C3ACFF40005EE09 /* DelegateChallenge */,
			);
		};
/* End PBXProject section */

/* Begin PBXResourcesBuildPhase section */
		DB4ACAEE1C3ACFF40005EE09 /* Resources */ = {
			isa = PBXResourcesBuildPhase;
			buildActionMask = 2147483647;
			files = (
				DB4ACAFE1C3ACFF40005EE09 /* LaunchScreen.storyboard in Resources */,
				DB4ACAFB1C3ACFF40005EE09 /* Assets.xcassets in Resources */,
				DB4ACAF91C3ACFF40005EE09 /* Main.storyboard in Resources */,
			);
			runOnlyForDeploymentPostprocessing = 0;
		};
/* End PBXResourcesBuildPhase section */

/* Begin PBXSourcesBuildPhase section */
		DB4ACAEC1C3ACFF40005EE09 /* Sources */ = {
			isa = PBXSourcesBuildPhase;
			buildActionMask = 2147483647;
			files = (
				DBB8E11C1C3D8B15007A41A6 /* DelegateLockableText.swift in Sources */,
				DBB8E1181C3D8A84007A41A6 /* DelegateZipCode.swift in Sources */,
				DB4ACAF61C3ACFF40005EE09 /* ViewController.swift in Sources */,
				DB4ACAF41C3ACFF40005EE09 /* AppDelegate.swift in Sources */,
			);
			runOnlyForDeploymentPostprocessing = 0;
		};
/* End PBXSourcesBuildPhase section */

/* Begin PBXVariantGroup section */
		DB4ACAF71C3ACFF40005EE09 /* Main.storyboard */ = {
			isa = PBXVariantGroup;
			children = (
				DB4ACAF81C3ACFF40005EE09 /* Base */,
			);
			name = Main.storyboard;
			sourceTree = "<group>";
		};
		DB4ACAFC1C3ACFF40005EE09 /* LaunchScreen.storyboard */ = {
			isa = PBXVariantGroup;
			children = (
				DB4ACAFD1C3ACFF40005EE09 /* Base */,
			);
			name = LaunchScreen.storyboard;
			sourceTree = "<group>";
		};
/* End PBXVariantGroup section */

/* Begin XCBuildConfiguration section */
		DB4ACB001C3ACFF50005EE09 /* Debug */ = {
			isa = XCBuildConfiguration;
			buildSettings = {
				ALWAYS_SEARCH_USER_PATHS = NO;
				CLANG_CXX_LANGUAGE_STANDARD = "gnu++0x";
				CLANG_CXX_LIBRARY = "libc++";
				CLANG_ENABLE_MODULES = YES;
				CLANG_ENABLE_OBJC_ARC = YES;
				CLANG_WARN_BOOL_CONVERSION = YES;
				CLANG_WARN_CONSTANT_CONVERSION = YES;
				CLANG_WARN_DIRECT_OBJC_ISA_USAGE = YES_ERROR;
				CLANG_WARN_EMPTY_BODY = YES;
				CLANG_WARN_ENUM_CONVERSION = YES;
				CLANG_WARN_INT_CONVERSION = YES;
				CLANG_WARN_OBJC_ROOT_CLASS = YES_ERROR;
				CLANG_WARN_UNREACHABLE_CODE = YES;
				CLANG_WARN__DUPLICATE_METHOD_MATCH = YES;
				"CODE_SIGN_IDENTITY[sdk=iphoneos*]" = "iPhone Developer";
				COPY_PHASE_STRIP = NO;
				DEBUG_INFORMATION_FORMAT = dwarf;
				ENABLE_STRICT_OBJC_MSGSEND = YES;
				ENABLE_TESTABILITY = YES;
				GCC_C_LANGUAGE_STANDARD = gnu99;
				GCC_DYNAMIC_NO_PIC = NO;
				GCC_NO_COMMON_BLOCKS = YES;
				GCC_OPTIMIZATION_LEVEL = 0;
				GCC_PREPROCESSOR_DEFINITIONS = (
					"DEBUG=1",
					"$(inherited)",
				);
				GCC_WARN_64_TO_32_BIT_CONVERSION = YES;
				GCC_WARN_ABOUT_RETURN_TYPE = YES_ERROR;
				GCC_WARN_UNDECLARED_SELECTOR = YES;
				GCC_WARN_UNINITIALIZED_AUTOS = YES_AGGRESSIVE;
				GCC_WARN_UNUSED_FUNCTION = YES;
				GCC_WARN_UNUSED_VARIABLE = YES;
				IPHONEOS_DEPLOYMENT_TARGET = 9.2;
				MTL_ENABLE_DEBUG_INFO = YES;
				ONLY_ACTIVE_ARCH = YES;
				SDKROOT = iphoneos;
				SWIFT_OPTIMIZATION_LEVEL = "-Onone";
			};
			name = Debug;
		};
		DB4ACB011C3ACFF50005EE09 /* Release */ = {
			isa = XCBuildConfiguration;
			buildSettings = {
				ALWAYS_SEARCH_USER_PATHS = NO;
				CLANG_CXX_LANGUAGE_STANDARD = "gnu++0x";
				CLANG_CXX_LIBRARY = "libc++";
				CLANG_ENABLE_MODULES = YES;
				CLANG_ENABLE_OBJC_ARC = YES;
				CLANG_WARN_BOOL_CONVERSION = YES;
				CLANG_WARN_CONSTANT_CONVERSION = YES;
				CLANG_WARN_DIRECT_OBJC_ISA_USAGE = YES_ERROR;
				CLANG_WARN_EMPTY_BODY = YES;
				CLANG_WARN_ENUM_CONVERSION = YES;
				CLANG_WARN_INT_CONVERSION = YES;
				CLANG_WARN_OBJC_ROOT_CLASS = YES_ERROR;
				CLANG_WARN_UNREACHABLE_CODE = YES;
				CLANG_WARN__DUPLICATE_METHOD_MATCH = YES;
				"CODE_SIGN_IDENTITY[sdk=iphoneos*]" = "iPhone Developer";
				COPY_PHASE_STRIP = NO;
				DEBUG_INFORMATION_FORMAT = "dwarf-with-dsym";
				ENABLE_NS_ASSERTIONS = NO;
				ENABLE_STRICT_OBJC_MSGSEND = YES;
				GCC_C_LANGUAGE_STANDARD = gnu99;
				GCC_NO_COMMON_BLOCKS = YES;
				GCC_WARN_64_TO_32_BIT_CONVERSION = YES;
				GCC_WARN_ABOUT_RETURN_TYPE = YES_ERROR;
				GCC_WARN_UNDECLARED_SELECTOR = YES;
				GCC_WARN_UNINITIALIZED_AUTOS = YES_AGGRESSIVE;
				GCC_WARN_UNUSED_FUNCTION = YES;
				GCC_WARN_UNUSED_VARIABLE = YES;
				IPHONEOS_DEPLOYMENT_TARGET = 9.2;
				MTL_ENABLE_DEBUG_INFO = NO;
				SDKROOT = iphoneos;
				VALIDATE_PRODUCT = YES;
			};
			name = Release;
		};
		DB4ACB031C3ACFF50005EE09 /* Debug */ = {
			isa = XCBuildConfiguration;
			buildSettings = {
				ASSETCATALOG_COMPILER_APPICON_NAME = AppIcon;
				INFOPLIST_FILE = DelegateChallenge/Info.plist;
				LD_RUNPATH_SEARCH_PATHS = "$(inherited) @executable_path/Frameworks";
				PRODUCT_BUNDLE_IDENTIFIER = com.prv.DelegateChallenge;
				PRODUCT_NAME = "$(TARGET_NAME)";
				TARGETED_DEVICE_FAMILY = "1,2";
			};
			name = Debug;
		};
		DB4ACB041C3ACFF50005EE09 /* Release */ = {
			isa = XCBuildConfiguration;
			buildSettings = {
				ASSETCATALOG_COMPILER_APPICON_NAME = AppIcon;
				INFOPLIST_FILE = DelegateChallenge/Info.plist;
				LD_RUNPATH_SEARCH_PATHS = "$(inherited) @executable_path/Frameworks";
				PRODUCT_BUNDLE_IDENTIFIER = com.prv.DelegateChallenge;
				PRODUCT_NAME = "$(TARGET_NAME)";
				TARGETED_DEVICE_FAMILY = "1,2";
			};
			name = Release;
		};
/* End XCBuildConfiguration section */

/* Begin XCConfigurationList section */
		DB4ACAEB1C3ACFF40005EE09 /* Build configuration list for PBXProject "DelegateChallenge" */ = {
			isa = XCConfigurationList;
			buildConfigurations = (
				DB4ACB001C3ACFF50005EE09 /* Debug */,
				DB4ACB011C3ACFF50005EE09 /* Release */,
			);
			defaultConfigurationIsVisible = 0;
			defaultConfigurationName = Release;
		};
		DB4ACB021C3ACFF50005EE09 /* Build configuration list for PBXNativeTarget "DelegateChallenge" */ = {
			isa = XCConfigurationList;
			buildConfigurations = (
				DB4ACB031C3ACFF50005EE09 /* Debug */,
				DB4ACB041C3ACFF50005EE09 /* Release */,
			);
			defaultConfigurationIsVisible = 0;
			defaultConfigurationName = Release;
		};
/* End XCConfigurationList section */
	};
	rootObject = DB4ACAE81C3ACFF40005EE09 /* Project object */;
}
